// !$*UTF8*$!
{
	archiveVersion = 1;
	classes = {
	};
	objectVersion = 50;
	objects = {

/* Begin PBXBuildFile section */
		17CF7DD72137B2A100DC8BD7 /* AppDelegate.swift in Sources */ = {isa = PBXBuildFile; fileRef = 17CF7DD62137B2A100DC8BD7 /* AppDelegate.swift */; };
		17CF7DD92137B2A100DC8BD7 /* ViewController.swift in Sources */ = {isa = PBXBuildFile; fileRef = 17CF7DD82137B2A100DC8BD7 /* ViewController.swift */; };
		17CF7DDC2137B2A100DC8BD7 /* Main.storyboard in Resources */ = {isa = PBXBuildFile; fileRef = 17CF7DDA2137B2A100DC8BD7 /* Main.storyboard */; };
		17CF7DDE2137B2A300DC8BD7 /* Assets.xcassets in Resources */ = {isa = PBXBuildFile; fileRef = 17CF7DDD2137B2A300DC8BD7 /* Assets.xcassets */; };
		17CF7DE12137B2A300DC8BD7 /* LaunchScreen.storyboard in Resources */ = {isa = PBXBuildFile; fileRef = 17CF7DDF2137B2A300DC8BD7 /* LaunchScreen.storyboard */; };
		17CF7DEA2137C17000DC8BD7 /* Task.swift in Sources */ = {isa = PBXBuildFile; fileRef = 17CF7DE92137C17000DC8BD7 /* Task.swift */; };
		17CF7DEC2137C3E400DC8BD7 /* TaskList.swift in Sources */ = {isa = PBXBuildFile; fileRef = 17CF7DEB2137C3E400DC8BD7 /* TaskList.swift */; };
		7987F221D38C76B5E6556305 /* Pods_RealmSwifty.framework in Frameworks */ = {isa = PBXBuildFile; fileRef = 0794BF98A51DD451466E8434 /* Pods_RealmSwifty.framework */; };
/* End PBXBuildFile section */

/* Begin PBXFileReference section */
		0794BF98A51DD451466E8434 /* Pods_RealmSwifty.framework */ = {isa = PBXFileReference; explicitFileType = wrapper.framework; includeInIndex = 0; path = Pods_RealmSwifty.framework; sourceTree = BUILT_PRODUCTS_DIR; };
		17CF7DD32137B2A100DC8BD7 /* RealmSwifty.app */ = {isa = PBXFileReference; explicitFileType = wrapper.application; includeInIndex = 0; path = RealmSwifty.app; sourceTree = BUILT_PRODUCTS_DIR; };
		17CF7DD62137B2A100DC8BD7 /* AppDelegate.swift */ = {isa = PBXFileReference; lastKnownFileType = sourcecode.swift; path = AppDelegate.swift; sourceTree = "<group>"; };
		17CF7DD82137B2A100DC8BD7 /* ViewController.swift */ = {isa = PBXFileReference; lastKnownFileType = sourcecode.swift; path = ViewController.swift; sourceTree = "<group>"; };
		17CF7DDB2137B2A100DC8BD7 /* Base */ = {isa = PBXFileReference; lastKnownFileType = file.storyboard; name = Base; path = Base.lproj/Main.storyboard; sourceTree = "<group>"; };
		17CF7DDD2137B2A300DC8BD7 /* Assets.xcassets */ = {isa = PBXFileReference; lastKnownFileType = folder.assetcatalog; path = Assets.xcassets; sourceTree = "<group>"; };
		17CF7DE02137B2A300DC8BD7 /* Base */ = {isa = PBXFileReference; lastKnownFileType = file.storyboard; name = Base; path = Base.lproj/LaunchScreen.storyboard; sourceTree = "<group>"; };
		17CF7DE22137B2A300DC8BD7 /* Info.plist */ = {isa = PBXFileReference; lastKnownFileType = text.plist.xml; path = Info.plist; sourceTree = "<group>"; };
		17CF7DE92137C17000DC8BD7 /* Task.swift */ = {isa = PBXFileReference; lastKnownFileType = sourcecode.swift; path = Task.swift; sourceTree = "<group>"; };
		17CF7DEB2137C3E400DC8BD7 /* TaskList.swift */ = {isa = PBXFileReference; lastKnownFileType = sourcecode.swift; path = TaskList.swift; sourceTree = "<group>"; };
		206EE8F60C95F0F89DCCA466 /* Pods-RealmSwifty.release.xcconfig */ = {isa = PBXFileReference; includeInIndex = 1; lastKnownFileType = text.xcconfig; name = "Pods-RealmSwifty.release.xcconfig"; path = "Pods/Target Support Files/Pods-RealmSwifty/Pods-RealmSwifty.release.xcconfig"; sourceTree = "<group>"; };
		DE9F99D9F7070B1791548061 /* Pods-RealmSwifty.debug.xcconfig */ = {isa = PBXFileReference; includeInIndex = 1; lastKnownFileType = text.xcconfig; name = "Pods-RealmSwifty.debug.xcconfig"; path = "Pods/Target Support Files/Pods-RealmSwifty/Pods-RealmSwifty.debug.xcconfig"; sourceTree = "<group>"; };
/* End PBXFileReference section */

/* Begin PBXFrameworksBuildPhase section */
		17CF7DD02137B2A100DC8BD7 /* Frameworks */ = {
			isa = PBXFrameworksBuildPhase;
			buildActionMask = 2147483647;
			files = (
				7987F221D38C76B5E6556305 /* Pods_RealmSwifty.framework in Frameworks */,
			);
			runOnlyForDeploymentPostprocessing = 0;
		};
/* End PBXFrameworksBuildPhase section */

/* Begin PBXGroup section */
		17CF7DCA2137B2A100DC8BD7 = {
			isa = PBXGroup;
			children = (
				17CF7DD52137B2A100DC8BD7 /* RealmSwifty */,
				17CF7DD42137B2A100DC8BD7 /* Products */,
				A99BA810993EADC1EEE0C2C1 /* Pods */,
				CB690EE8EEE436D3488435FC /* Frameworks */,
			);
			sourceTree = "<group>";
		};
		17CF7DD42137B2A100DC8BD7 /* Products */ = {
			isa = PBXGroup;
			children = (
				17CF7DD32137B2A100DC8BD7 /* RealmSwifty.app */,
			);
			name = Products;
			sourceTree = "<group>";
		};
		17CF7DD52137B2A100DC8BD7 /* RealmSwifty */ = {
			isa = PBXGroup;
			children = (
				17CF7DE82137C09C00DC8BD7 /* Model */,
				17CF7DD62137B2A100DC8BD7 /* AppDelegate.swift */,
				17CF7DD82137B2A100DC8BD7 /* ViewController.swift */,
				17CF7DDA2137B2A100DC8BD7 /* Main.storyboard */,
				17CF7DDD2137B2A300DC8BD7 /* Assets.xcassets */,
				17CF7DDF2137B2A300DC8BD7 /* LaunchScreen.storyboard */,
				17CF7DE22137B2A300DC8BD7 /* Info.plist */,
			);
			path = RealmSwifty;
			sourceTree = "<group>";
		};
		17CF7DE82137C09C00DC8BD7 /* Model */ = {
			isa = PBXGroup;
			children = (
				17CF7DE92137C17000DC8BD7 /* Task.swift */,
				17CF7DEB2137C3E400DC8BD7 /* TaskList.swift */,
			);
			path = Model;
			sourceTree = "<group>";
		};
		A99BA810993EADC1EEE0C2C1 /* Pods */ = {
			isa = PBXGroup;
			children = (
				DE9F99D9F7070B1791548061 /* Pods-RealmSwifty.debug.xcconfig */,
				206EE8F60C95F0F89DCCA466 /* Pods-RealmSwifty.release.xcconfig */,
			);
			name = Pods;
			sourceTree = "<group>";
		};
		CB690EE8EEE436D3488435FC /* Frameworks */ = {
			isa = PBXGroup;
			children = (
				0794BF98A51DD451466E8434 /* Pods_RealmSwifty.framework */,
			);
			name = Frameworks;
			sourceTree = "<group>";
		};
/* End PBXGroup section */

/* Begin PBXNativeTarget section */
		17CF7DD22137B2A100DC8BD7 /* RealmSwifty */ = {
			isa = PBXNativeTarget;
			buildConfigurationList = 17CF7DE52137B2A300DC8BD7 /* Build configuration list for PBXNativeTarget "RealmSwifty" */;
			buildPhases = (
				AF99843D4EC48E49477BAD66 /* [CP] Check Pods Manifest.lock */,
				17CF7DCF2137B2A100DC8BD7 /* Sources */,
				17CF7DD02137B2A100DC8BD7 /* Frameworks */,
				17CF7DD12137B2A100DC8BD7 /* Resources */,
				CEBE2484C0988009840F3089 /* [CP] Embed Pods Frameworks */,
			);
			buildRules = (
			);
			dependencies = (
			);
			name = RealmSwifty;
			productName = RealmSwifty;
			productReference = 17CF7DD32137B2A100DC8BD7 /* RealmSwifty.app */;
			productType = "com.apple.product-type.application";
		};
/* End PBXNativeTarget section */

/* Begin PBXProject section */
		17CF7DCB2137B2A100DC8BD7 /* Project object */ = {
			isa = PBXProject;
			attributes = {
				LastSwiftUpdateCheck = 0930;
				LastUpgradeCheck = 0930;
				ORGANIZATIONNAME = "MOBILE MAC1";
				TargetAttributes = {
					17CF7DD22137B2A100DC8BD7 = {
						CreatedOnToolsVersion = 9.3;
					};
				};
			};
			buildConfigurationList = 17CF7DCE2137B2A100DC8BD7 /* Build configuration list for PBXProject "RealmSwifty" */;
			compatibilityVersion = "Xcode 9.3";
			developmentRegion = en;
			hasScannedForEncodings = 0;
			knownRegions = (
				en,
				Base,
			);
			mainGroup = 17CF7DCA2137B2A100DC8BD7;
			productRefGroup = 17CF7DD42137B2A100DC8BD7 /* Products */;
			projectDirPath = "";
			projectRoot = "";
			targets = (
				17CF7DD22137B2A100DC8BD7 /* RealmSwifty */,
			);
		};
/* End PBXProject section */

/* Begin PBXResourcesBuildPhase section */
		17CF7DD12137B2A100DC8BD7 /* Resources */ = {
			isa = PBXResourcesBuildPhase;
			buildActionMask = 2147483647;
			files = (
				17CF7DE12137B2A300DC8BD7 /* LaunchScreen.storyboard in Resources */,
				17CF7DDE2137B2A300DC8BD7 /* Assets.xcassets in Resources */,
				17CF7DDC2137B2A100DC8BD7 /* Main.storyboard in Resources */,
			);
			runOnlyForDeploymentPostprocessing = 0;
		};
/* End PBXResourcesBuildPhase section */

/* Begin PBXShellScriptBuildPhase section */
		AF99843D4EC48E49477BAD66 /* [CP] Check Pods Manifest.lock */ = {
			isa = PBXShellScriptBuildPhase;
			buildActionMask = 2147483647;
			files = (
			);
			inputPaths = (
				"${PODS_PODFILE_DIR_PATH}/Podfile.lock",
				"${PODS_ROOT}/Manifest.lock",
			);
			name = "[CP] Check Pods Manifest.lock";
			outputPaths = (
				"$(DERIVED_FILE_DIR)/Pods-RealmSwifty-checkManifestLockResult.txt",
			);
			runOnlyForDeploymentPostprocessing = 0;
			shellPath = /bin/sh;
			shellScript = "diff \"${PODS_PODFILE_DIR_PATH}/Podfile.lock\" \"${PODS_ROOT}/Manifest.lock\" > /dev/null\nif [ $? != 0 ] ; then\n    # print error to STDERR\n    echo \"error: The sandbox is not in sync with the Podfile.lock. Run 'pod install' or update your CocoaPods installation.\" >&2\n    exit 1\nfi\n# This output is used by Xcode 'outputs' to avoid re-running this script phase.\necho \"SUCCESS\" > \"${SCRIPT_OUTPUT_FILE_0}\"\n";
			showEnvVarsInLog = 0;
		};
		CEBE2484C0988009840F3089 /* [CP] Embed Pods Frameworks */ = {
			isa = PBXShellScriptBuildPhase;
			buildActionMask = 2147483647;
			files = (
			);
			inputPaths = (
				"${SRCROOT}/Pods/Target Support Files/Pods-RealmSwifty/Pods-RealmSwifty-frameworks.sh",
				"${BUILT_PRODUCTS_DIR}/Realm/Realm.framework",
				"${BUILT_PRODUCTS_DIR}/RealmSwift/RealmSwift.framework",
			);
			name = "[CP] Embed Pods Frameworks";
			outputPaths = (
				"${TARGET_BUILD_DIR}/${FRAMEWORKS_FOLDER_PATH}/Realm.framework",
				"${TARGET_BUILD_DIR}/${FRAMEWORKS_FOLDER_PATH}/RealmSwift.framework",
			);
			runOnlyForDeploymentPostprocessing = 0;
			shellPath = /bin/sh;
			shellScript = "\"${SRCROOT}/Pods/Target Support Files/Pods-RealmSwifty/Pods-RealmSwifty-frameworks.sh\"\n";
			showEnvVarsInLog = 0;
		};
/* End PBXShellScriptBuildPhase section */

/* Begin PBXSourcesBuildPhase section */
		17CF7DCF2137B2A100DC8BD7 /* Sources */ = {
			isa = PBXSourcesBuildPhase;
			buildActionMask = 2147483647;
			files = (
				17CF7DEC2137C3E400DC8BD7 /* TaskList.swift in Sources */,
				17CF7DD92137B2A100DC8BD7 /* ViewController.swift in Sources */,
				17CF7DEA2137C17000DC8BD7 /* Task.swift in Sources */,
				17CF7DD72137B2A100DC8BD7 /* AppDelegate.swift in Sources */,
			);
			runOnlyForDeploymentPostprocessing = 0;
		};
/* End PBXSourcesBuildPhase section */

/* Begin PBXVariantGroup section */
		17CF7DDA2137B2A100DC8BD7 /* Main.storyboard */ = {
			isa = PBXVariantGroup;
			children = (
				17CF7DDB2137B2A100DC8BD7 /* Base */,
			);
			name = Main.storyboard;
			sourceTree = "<group>";
		};
		17CF7DDF2137B2A300DC8BD7 /* LaunchScreen.storyboard */ = {
			isa = PBXVariantGroup;
			children = (
				17CF7DE02137B2A300DC8BD7 /* Base */,
			);
			name = LaunchScreen.storyboard;
			sourceTree = "<group>";
		};
/* End PBXVariantGroup section */

/* Begin XCBuildConfiguration section */
		17CF7DE32137B2A300DC8BD7 /* Debug */ = {
			isa = XCBuildConfiguration;
			buildSettings = {
				ALWAYS_SEARCH_USER_PATHS = NO;
				CLANG_ANALYZER_NONNULL = YES;
				CLANG_ANALYZER_NUMBER_OBJECT_CONVERSION = YES_AGGRESSIVE;
				CLANG_CXX_LANGUAGE_STANDARD = "gnu++14";
				CLANG_CXX_LIBRARY = "libc++";
				CLANG_ENABLE_MODULES = YES;
				CLANG_ENABLE_OBJC_ARC = YES;
				CLANG_ENABLE_OBJC_WEAK = YES;
				CLANG_WARN_BLOCK_CAPTURE_AUTORELEASING = YES;
				CLANG_WARN_BOOL_CONVERSION = YES;
				CLANG_WARN_COMMA = YES;
				CLANG_WARN_CONSTANT_CONVERSION = YES;
				CLANG_WARN_DEPRECATED_OBJC_IMPLEMENTATIONS = YES;
				CLANG_WARN_DIRECT_OBJC_ISA_USAGE = YES_ERROR;
				CLANG_WARN_DOCUMENTATION_COMMENTS = YES;
				CLANG_WARN_EMPTY_BODY = YES;
				CLANG_WARN_ENUM_CONVERSION = YES;
				CLANG_WARN_INFINITE_RECURSION = YES;
				CLANG_WARN_INT_CONVERSION = YES;
				CLANG_WARN_NON_LITERAL_NULL_CONVERSION = YES;
				CLANG_WARN_OBJC_IMPLICIT_RETAIN_SELF = YES;
				CLANG_WARN_OBJC_LITERAL_CONVERSION = YES;
				CLANG_WARN_OBJC_ROOT_CLASS = YES_ERROR;
				CLANG_WARN_RANGE_LOOP_ANALYSIS = YES;
				CLANG_WARN_STRICT_PROTOTYPES = YES;
				CLANG_WARN_SUSPICIOUS_MOVE = YES;
				CLANG_WARN_UNGUARDED_AVAILABILITY = YES_AGGRESSIVE;
				CLANG_WARN_UNREACHABLE_CODE = YES;
				CLANG_WARN__DUPLICATE_METHOD_MATCH = YES;
				CODE_SIGN_IDENTITY = "iPhone Developer";
				COPY_PHASE_STRIP = NO;
				DEBUG_INFORMATION_FORMAT = dwarf;
				ENABLE_STRICT_OBJC_MSGSEND = YES;
				ENABLE_TESTABILITY = YES;
				GCC_C_LANGUAGE_STANDARD = gnu11;
				GCC_DYNAMIC_NO_PIC = NO;
				GCC_NO_COMMON_BLOCKS = YES;
				GCC_OPTIMIZATION_LEVEL = 0;
				GCC_PREPROCESSOR_DEFINITIONS = (
					"DEBUG=1",
					"$(inherited)",
				);
				GCC_WARN_64_TO_32_BIT_CONVERSION = YES;
				GCC_WARN_ABOUT_RETURN_TYPE = YES_ERROR;
				GCC_WARN_UNDECLARED_SELECTOR = YES;
				GCC_WARN_UNINITIALIZED_AUTOS = YES_AGGRESSIVE;
				GCC_WARN_UNUSED_FUNCTION = YES;
				GCC_WARN_UNUSED_VARIABLE = YES;
				IPHONEOS_DEPLOYMENT_TARGET = 11.3;
				MTL_ENABLE_DEBUG_INFO = YES;
				ONLY_ACTIVE_ARCH = YES;
				SDKROOT = iphoneos;
				SWIFT_ACTIVE_COMPILATION_CONDITIONS = DEBUG;
				SWIFT_OPTIMIZATION_LEVEL = "-Onone";
			};
			name = Debug;
		};
		17CF7DE42137B2A300DC8BD7 /* Release */ = {
			isa = XCBuildConfiguration;
			buildSettings = {
				ALWAYS_SEARCH_USER_PATHS = NO;
				CLANG_ANALYZER_NONNULL = YES;
				CLANG_ANALYZER_NUMBER_OBJECT_CONVERSION = YES_AGGRESSIVE;
				CLANG_CXX_LANGUAGE_STANDARD = "gnu++14";
				CLANG_CXX_LIBRARY = "libc++";
				CLANG_ENABLE_MODULES = YES;
				CLANG_ENABLE_OBJC_ARC = YES;
				CLANG_ENABLE_OBJC_WEAK = YES;
				CLANG_WARN_BLOCK_CAPTURE_AUTORELEASING = YES;
				CLANG_WARN_BOOL_CONVERSION = YES;
				CLANG_WARN_COMMA = YES;
				CLANG_WARN_CONSTANT_CONVERSION = YES;
				CLANG_WARN_DEPRECATED_OBJC_IMPLEMENTATIONS = YES;
				CLANG_WARN_DIRECT_OBJC_ISA_USAGE = YES_ERROR;
				CLANG_WARN_DOCUMENTATION_COMMENTS = YES;
				CLANG_WARN_EMPTY_BODY = YES;
				CLANG_WARN_ENUM_CONVERSION = YES;
				CLANG_WARN_INFINITE_RECURSION = YES;
				CLANG_WARN_INT_CONVERSION = YES;
				CLANG_WARN_NON_LITERAL_NULL_CONVERSION = YES;
				CLANG_WARN_OBJC_IMPLICIT_RETAIN_SELF = YES;
				CLANG_WARN_OBJC_LITERAL_CONVERSION = YES;
				CLANG_WARN_OBJC_ROOT_CLASS = YES_ERROR;
				CLANG_WARN_RANGE_LOOP_ANALYSIS = YES;
				CLANG_WARN_STRICT_PROTOTYPES = YES;
				CLANG_WARN_SUSPICIOUS_MOVE = YES;
				CLANG_WARN_UNGUARDED_AVAILABILITY = YES_AGGRESSIVE;
				CLANG_WARN_UNREACHABLE_CODE = YES;
				CLANG_WARN__DUPLICATE_METHOD_MATCH = YES;
				CODE_SIGN_IDENTITY = "iPhone Developer";
				COPY_PHASE_STRIP = NO;
				DEBUG_INFORMATION_FORMAT = "dwarf-with-dsym";
				ENABLE_NS_ASSERTIONS = NO;
				ENABLE_STRICT_OBJC_MSGSEND = YES;
				GCC_C_LANGUAGE_STANDARD = gnu11;
				GCC_NO_COMMON_BLOCKS = YES;
				GCC_WARN_64_TO_32_BIT_CONVERSION = YES;
				GCC_WARN_ABOUT_RETURN_TYPE = YES_ERROR;
				GCC_WARN_UNDECLARED_SELECTOR = YES;
				GCC_WARN_UNINITIALIZED_AUTOS = YES_AGGRESSIVE;
				GCC_WARN_UNUSED_FUNCTION = YES;
				GCC_WARN_UNUSED_VARIABLE = YES;
				IPHONEOS_DEPLOYMENT_TARGET = 11.3;
				MTL_ENABLE_DEBUG_INFO = NO;
				SDKROOT = iphoneos;
				SWIFT_COMPILATION_MODE = wholemodule;
				SWIFT_OPTIMIZATION_LEVEL = "-O";
				VALIDATE_PRODUCT = YES;
			};
			name = Release;
		};
		17CF7DE62137B2A300DC8BD7 /* Debug */ = {
			isa = XCBuildConfiguration;
			baseConfigurationReference = DE9F99D9F7070B1791548061 /* Pods-RealmSwifty.debug.xcconfig */;
			buildSettings = {
				ASSETCATALOG_COMPILER_APPICON_NAME = AppIcon;
				CODE_SIGN_STYLE = Automatic;
				INFOPLIST_FILE = RealmSwifty/Info.plist;
				LD_RUNPATH_SEARCH_PATHS = (
					"$(inherited)",
					"@executable_path/Frameworks",
				);
				PRODUCT_BUNDLE_IDENTIFIER = com.SwiftTopics.RealmSwifty;
				PRODUCT_NAME = "$(TARGET_NAME)";
				SWIFT_VERSION = 4.0;
				TARGETED_DEVICE_FAMILY = "1,2";
			};
			name = Debug;
		};
		17CF7DE72137B2A300DC8BD7 /* Release */ = {
			isa = XCBuildConfiguration;
			baseConfigurationReference = 206EE8F60C95F0F89DCCA466 /* Pods-RealmSwifty.release.xcconfig */;
			buildSettings = {
				ASSETCATALOG_COMPILER_APPICON_NAME = AppIcon;
				CODE_SIGN_STYLE = Automatic;
				INFOPLIST_FILE = RealmSwifty/Info.plist;
				LD_RUNPATH_SEARCH_PATHS = (
					"$(inherited)",
					"@executable_path/Frameworks",
				);
				PRODUCT_BUNDLE_IDENTIFIER = com.SwiftTopics.RealmSwifty;
				PRODUCT_NAME = "$(TARGET_NAME)";
				SWIFT_VERSION = 4.0;
				TARGETED_DEVICE_FAMILY = "1,2";
			};
			name = Release;
		};
/* End XCBuildConfiguration section */

/* Begin XCConfigurationList section */
		17CF7DCE2137B2A100DC8BD7 /* Build configuration list for PBXProject "RealmSwifty" */ = {
			isa = XCConfigurationList;
			buildConfigurations = (
				17CF7DE32137B2A300DC8BD7 /* Debug */,
				17CF7DE42137B2A300DC8BD7 /* Release */,
			);
			defaultConfigurationIsVisible = 0;
			defaultConfigurationName = Release;
		};
		17CF7DE52137B2A300DC8BD7 /* Build configuration list for PBXNativeTarget "RealmSwifty" */ = {
			isa = XCConfigurationList;
			buildConfigurations = (
				17CF7DE62137B2A300DC8BD7 /* Debug */,
				17CF7DE72137B2A300DC8BD7 /* Release */,
			);
			defaultConfigurationIsVisible = 0;
			defaultConfigurationName = Release;
		};
/* End XCConfigurationList section */
	};
	rootObject = 17CF7DCB2137B2A100DC8BD7 /* Project object */;
}
